
Microsoft Visual Studio Solution File, Format Version 12.00
# Visual Studio 14
VisualStudioVersion = 14.0.25420.1
MinimumVisualStudioVersion = 10.0.40219.1
Project("{FAE04EC0-301F-11D3-BF4B-00C04F79EFBC}") = "Reciever", "Reciever\Reciever.csproj", "{ADABB8FC-FAFC-4589-A464-622E2C68A6DC}"
EndProject
Project("{FAE04EC0-301F-11D3-BF4B-00C04F79EFBC}") = "Client", "Client\Client.csproj", "{E5F953B6-F288-49B6-8A05-01BF2D3DF601}"
EndProject
Project("{FAE04EC0-301F-11D3-BF4B-00C04F79EFBC}") = "Shared", "Shared\Shared.csproj", "{232B0331-61C9-4839-A4EE-5B76B2E1DB32}"
EndProject
Project("{FAE04EC0-301F-11D3-BF4B-00C04F79EFBC}") = "WindowsFormsApplication1", "WindowsFormsApplication1\WindowsFormsApplication1.csproj", "{722ECE90-6083-4195-9A05-A16D8E656BA8}"
EndProject
Global
	GlobalSection(SolutionConfigurationPlatforms) = preSolution
		Debug|Any CPU = Debug|Any CPU
		Release|Any CPU = Release|Any CPU
	EndGlobalSection
	GlobalSection(ProjectConfigurationPlatforms) = postSolution
		{ADABB8FC-FAFC-4589-A464-622E2C68A6DC}.Debug|Any CPU.ActiveCfg = Debug|Any CPU
		{ADABB8FC-FAFC-4589-A464-622E2C68A6DC}.Debug|Any CPU.Build.0 = Debug|Any CPU
		{ADABB8FC-FAFC-4589-A464-622E2C68A6DC}.Release|Any CPU.ActiveCfg = Release|Any CPU
		{ADABB8FC-FAFC-4589-A464-622E2C68A6DC}.Release|Any CPU.Build.0 = Release|Any CPU
		{E5F953B6-F288-49B6-8A05-01BF2D3DF601}.Debug|Any CPU.ActiveCfg = Debug|Any CPU
		{E5F953B6-F288-49B6-8A05-01BF2D3DF601}.Debug|Any CPU.Build.0 = Debug|Any CPU
		{E5F953B6-F288-49B6-8A05-01BF2D3DF601}.Release|Any CPU.ActiveCfg = Release|Any CPU
		{E5F953B6-F288-49B6-8A05-01BF2D3DF601}.Release|Any CPU.Build.0 = Release|Any CPU
		{232B0331-61C9-4839-A4EE-5B76B2E1DB32}.Debug|Any CPU.ActiveCfg = Debug|Any CPU
		{232B0331-61C9-4839-A4EE-5B76B2E1DB32}.Debug|Any CPU.Build.0 = Debug|Any CPU
		{232B0331-61C9-4839-A4EE-5B76B2E1DB32}.Release|Any CPU.ActiveCfg = Release|Any CPU
		{232B0331-61C9-4839-A4EE-5B76B2E1DB32}.Release|Any CPU.Build.0 = Release|Any CPU
		{722ECE90-6083-4195-9A05-A16D8E656BA8}.Debug|Any CPU.ActiveCfg = Debug|Any CPU
		{722ECE90-6083-4195-9A05-A16D8E656BA8}.Debug|Any CPU.Build.0 = Debug|Any CPU
		{722ECE90-6083-4195-9A05-A16D8E656BA8}.Release|Any CPU.ActiveCfg = Release|Any CPU
		{722ECE90-6083-4195-9A05-A16D8E656BA8}.Release|Any CPU.Build.0 = Release|Any CPU
	EndGlobalSection
	GlobalSection(SolutionProperties) = preSolution
		HideSolutionNode = FALSE
	EndGlobalSection
EndGlobal
